
Microsoft Visual Studio Solution File, Format Version 12.00
# Visual Studio Version 17
VisualStudioVersion = 17.8.34330.188
MinimumVisualStudioVersion = 10.0.40219.1
Project("{8BC9CEB8-8B4A-11D0-8D11-00A0C91BC942}") = "Soricel", "Soricel\Soricel.vcxproj", "{DFB87C38-E60C-4573-8C0A-24030A8D9381}"
EndProject
Global
	GlobalSection(SolutionConfigurationPlatforms) = preSolution
		Debug|x64 = Debug|x64
		Debug|x86 = Debug|x86
		Release|x64 = Release|x64
		Release|x86 = Release|x86
	EndGlobalSection
	GlobalSection(ProjectConfigurationPlatforms) = postSolution
		{DFB87C38-E60C-4573-8C0A-24030A8D9381}.Debug|x64.ActiveCfg = Debug|x64
		{DFB87C38-E60C-4573-8C0A-24030A8D9381}.Debug|x64.Build.0 = Debug|x64
		{DFB87C38-E60C-4573-8C0A-24030A8D9381}.Debug|x86.ActiveCfg = Debug|Win32
		{DFB87C38-E60C-4573-8C0A-24030A8D9381}.Debug|x86.Build.0 = Debug|Win32
		{DFB87C38-E60C-4573-8C0A-24030A8D9381}.Release|x64.ActiveCfg = Release|x64
		{DFB87C38-E60C-4573-8C0A-24030A8D9381}.Release|x64.Build.0 = Release|x64
		{DFB87C38-E60C-4573-8C0A-24030A8D9381}.Release|x86.ActiveCfg = Release|Win32
		{DFB87C38-E60C-4573-8C0A-24030A8D9381}.Release|x86.Build.0 = Release|Win32
	EndGlobalSection
	GlobalSection(SolutionProperties) = preSolution
		HideSolutionNode = FALSE
	EndGlobalSection
	GlobalSection(ExtensibilityGlobals) = postSolution
		SolutionGuid = {7B075097-ABF1-40AD-93E5-FF6023D43F49}
	EndGlobalSection
EndGlobal
